
Microsoft Visual Studio Solution File, Format Version 12.00
# Visual Studio Version 17
VisualStudioVersion = 17.5.33103.201
MinimumVisualStudioVersion = 10.0.40219.1
Project("{9A19103F-16F7-4668-BE54-9A1E7A4F7556}") = "MoveShortcuts", "MoveShortcuts\MoveShortcuts.csproj", "{FD5186AD-EC70-4062-9996-67C2C69A9684}"
EndProject
Project("{9A19103F-16F7-4668-BE54-9A1E7A4F7556}") = "MoveShortcutTests", "MoveShortcutTests\MoveShortcutTests.csproj", "{75319DAE-B827-4E44-B78F-6078298CE611}"
EndProject
Project("{FAE04EC0-301F-11D3-BF4B-00C04F79EFBC}") = "CreateUWPList", "CreateUWPList\CreateUWPList.csproj", "{EE2BF528-6C66-45B9-A2B0-6700B2872CB1}"
EndProject
Global
	GlobalSection(SolutionConfigurationPlatforms) = preSolution
		Debug|Any CPU = Debug|Any CPU
		Release|Any CPU = Release|Any CPU
	EndGlobalSection
	GlobalSection(ProjectConfigurationPlatforms) = postSolution
		{FD5186AD-EC70-4062-9996-67C2C69A9684}.Debug|Any CPU.ActiveCfg = Debug|Any CPU
		{FD5186AD-EC70-4062-9996-67C2C69A9684}.Debug|Any CPU.Build.0 = Debug|Any CPU
		{FD5186AD-EC70-4062-9996-67C2C69A9684}.Release|Any CPU.ActiveCfg = Release|Any CPU
		{FD5186AD-EC70-4062-9996-67C2C69A9684}.Release|Any CPU.Build.0 = Release|Any CPU
		{75319DAE-B827-4E44-B78F-6078298CE611}.Debug|Any CPU.ActiveCfg = Debug|Any CPU
		{75319DAE-B827-4E44-B78F-6078298CE611}.Debug|Any CPU.Build.0 = Debug|Any CPU
		{75319DAE-B827-4E44-B78F-6078298CE611}.Release|Any CPU.ActiveCfg = Release|Any CPU
		{75319DAE-B827-4E44-B78F-6078298CE611}.Release|Any CPU.Build.0 = Release|Any CPU
		{EE2BF528-6C66-45B9-A2B0-6700B2872CB1}.Debug|Any CPU.ActiveCfg = Debug|Any CPU
		{EE2BF528-6C66-45B9-A2B0-6700B2872CB1}.Debug|Any CPU.Build.0 = Debug|Any CPU
		{EE2BF528-6C66-45B9-A2B0-6700B2872CB1}.Release|Any CPU.ActiveCfg = Release|Any CPU
		{EE2BF528-6C66-45B9-A2B0-6700B2872CB1}.Release|Any CPU.Build.0 = Release|Any CPU
	EndGlobalSection
	GlobalSection(SolutionProperties) = preSolution
		HideSolutionNode = FALSE
	EndGlobalSection
	GlobalSection(ExtensibilityGlobals) = postSolution
		SolutionGuid = {710BC58F-5707-4FB7-BCDF-97420FC83296}
	EndGlobalSection
EndGlobal
